
Microsoft Visual Studio Solution File, Format Version 12.00
# Visual Studio Version 16
VisualStudioVersion = 16.0.31129.286
MinimumVisualStudioVersion = 10.0.40219.1
Project("{FAE04EC0-301F-11D3-BF4B-00C04F79EFBC}") = "TaxClient", "TaxClient\TaxClient.csproj", "{B49720F1-BD7A-4DCC-87DE-1805D8278981}"
EndProject
Project("{FAE04EC0-301F-11D3-BF4B-00C04F79EFBC}") = "TaxLibrary", "TaxLibrary\TaxLibrary.csproj", "{F7B5D3C4-D320-4BA5-A968-EFCBDD77AC51}"
EndProject
Global
	GlobalSection(SolutionConfigurationPlatforms) = preSolution
		Debug|Any CPU = Debug|Any CPU
		Release|Any CPU = Release|Any CPU
	EndGlobalSection
	GlobalSection(ProjectConfigurationPlatforms) = postSolution
		{B49720F1-BD7A-4DCC-87DE-1805D8278981}.Debug|Any CPU.ActiveCfg = Debug|Any CPU
		{B49720F1-BD7A-4DCC-87DE-1805D8278981}.Debug|Any CPU.Build.0 = Debug|Any CPU
		{B49720F1-BD7A-4DCC-87DE-1805D8278981}.Release|Any CPU.ActiveCfg = Release|Any CPU
		{B49720F1-BD7A-4DCC-87DE-1805D8278981}.Release|Any CPU.Build.0 = Release|Any CPU
		{F7B5D3C4-D320-4BA5-A968-EFCBDD77AC51}.Debug|Any CPU.ActiveCfg = Debug|Any CPU
		{F7B5D3C4-D320-4BA5-A968-EFCBDD77AC51}.Debug|Any CPU.Build.0 = Debug|Any CPU
		{F7B5D3C4-D320-4BA5-A968-EFCBDD77AC51}.Release|Any CPU.ActiveCfg = Release|Any CPU
		{F7B5D3C4-D320-4BA5-A968-EFCBDD77AC51}.Release|Any CPU.Build.0 = Release|Any CPU
	EndGlobalSection
	GlobalSection(SolutionProperties) = preSolution
		HideSolutionNode = FALSE
	EndGlobalSection
	GlobalSection(ExtensibilityGlobals) = postSolution
		SolutionGuid = {B7769F93-3D68-45D7-9F51-80B41B2CB091}
	EndGlobalSection
EndGlobal
